// !$*UTF8*$!
{
	archiveVersion = 1;
	classes = {
	};
	objectVersion = 46;
	objects = {

/* Begin PBXBuildFile section */
		32120A6116897C7A00DBF915 /* UIKit.framework in Frameworks */ = {isa = PBXBuildFile; fileRef = 32120A6016897C7A00DBF915 /* UIKit.framework */; };
		32120A6316897C7A00DBF915 /* Foundation.framework in Frameworks */ = {isa = PBXBuildFile; fileRef = 32120A6216897C7A00DBF915 /* Foundation.framework */; };
		32120A6516897C7A00DBF915 /* CoreGraphics.framework in Frameworks */ = {isa = PBXBuildFile; fileRef = 32120A6416897C7A00DBF915 /* CoreGraphics.framework */; };
		32120A6716897C7A00DBF915 /* CoreData.framework in Frameworks */ = {isa = PBXBuildFile; fileRef = 32120A6616897C7A00DBF915 /* CoreData.framework */; };
		32120A6D16897C7A00DBF915 /* InfoPlist.strings in Resources */ = {isa = PBXBuildFile; fileRef = 32120A6B16897C7A00DBF915 /* InfoPlist.strings */; };
		32120A6F16897C7A00DBF915 /* main.m in Sources */ = {isa = PBXBuildFile; fileRef = 32120A6E16897C7A00DBF915 /* main.m */; };
		32120A7316897C7A00DBF915 /* SourcingAppDelegate.m in Sources */ = {isa = PBXBuildFile; fileRef = 32120A7216897C7A00DBF915 /* SourcingAppDelegate.m */; };
		32120A7516897C7A00DBF915 /* Default.png in Resources */ = {isa = PBXBuildFile; fileRef = 32120A7416897C7A00DBF915 /* Default.png */; };
		32120A7716897C7A00DBF915 /* Default@2x.png in Resources */ = {isa = PBXBuildFile; fileRef = 32120A7616897C7A00DBF915 /* Default@2x.png */; };
		32120A7916897C7A00DBF915 /* Default-568h@2x.png in Resources */ = {isa = PBXBuildFile; fileRef = 32120A7816897C7A00DBF915 /* Default-568h@2x.png */; };
		32120A7C16897C7A00DBF915 /* sourcing.xcdatamodeld in Sources */ = {isa = PBXBuildFile; fileRef = 32120A7A16897C7A00DBF915 /* sourcing.xcdatamodeld */; };
		32120A8F168983DA00DBF915 /* Icon.png in Resources */ = {isa = PBXBuildFile; fileRef = 32120A8E168983DA00DBF915 /* Icon.png */; };
		32120A91168983FE00DBF915 /* Icon@2x.png in Resources */ = {isa = PBXBuildFile; fileRef = 32120A90168983FE00DBF915 /* Icon@2x.png */; };
		32120A9B168985E000DBF915 /* WelcomeViewController.m in Sources */ = {isa = PBXBuildFile; fileRef = 32120A99168985E000DBF915 /* WelcomeViewController.m */; };
		32120A9C168985E000DBF915 /* WelcomeViewController.xib in Resources */ = {isa = PBXBuildFile; fileRef = 32120A9A168985E000DBF915 /* WelcomeViewController.xib */; };
		32120AA016898EC300DBF915 /* StringUtil.m in Sources */ = {isa = PBXBuildFile; fileRef = 32120A9F16898EC300DBF915 /* StringUtil.m */; };
		32120AA41689918000DBF915 /* ApplicationSet.m in Sources */ = {isa = PBXBuildFile; fileRef = 32120AA31689918000DBF915 /* ApplicationSet.m */; };
		32120AA816899E2D00DBF915 /* BaseVO.m in Sources */ = {isa = PBXBuildFile; fileRef = 32120AA716899E2D00DBF915 /* BaseVO.m */; };
		32120AB31689DB8200DBF915 /* JsonCreater.m in Sources */ = {isa = PBXBuildFile; fileRef = 32120AB21689DB8200DBF915 /* JsonCreater.m */; };
		32120AB61689F0D200DBF915 /* TimeUtil.m in Sources */ = {isa = PBXBuildFile; fileRef = 32120AB51689F0D200DBF915 /* TimeUtil.m */; };
		32120ABA1689F20000DBF915 /* JsonParser.m in Sources */ = {isa = PBXBuildFile; fileRef = 32120AB91689F20000DBF915 /* JsonParser.m */; };
		32120ABD1689F21D00DBF915 /* ResponseVO.m in Sources */ = {isa = PBXBuildFile; fileRef = 32120ABC1689F21D00DBF915 /* ResponseVO.m */; };
		32120AC0168AA8F100DBF915 /* HtmlUtil.m in Sources */ = {isa = PBXBuildFile; fileRef = 32120ABF168AA8F100DBF915 /* HtmlUtil.m */; };
		32120AC3168AA91900DBF915 /* DataInterfaceUtil.m in Sources */ = {isa = PBXBuildFile; fileRef = 32120AC2168AA91900DBF915 /* DataInterfaceUtil.m */; };
		32120AC6168ADC0900DBF915 /* UserVO.m in Sources */ = {isa = PBXBuildFile; fileRef = 32120AC5168ADC0900DBF915 /* UserVO.m */; };
		32120AC9168AE26D00DBF915 /* ChannelVO.m in Sources */ = {isa = PBXBuildFile; fileRef = 32120AC8168AE26D00DBF915 /* ChannelVO.m */; };
		32120ACC168AE43400DBF915 /* assets in Resources */ = {isa = PBXBuildFile; fileRef = 32120ACB168AE43400DBF915 /* assets */; };
		32120ACF168AE58800DBF915 /* FileUtil.m in Sources */ = {isa = PBXBuildFile; fileRef = 32120ACE168AE58800DBF915 /* FileUtil.m */; };
		32120AD2168B2C2E00DBF915 /* AuditVO.m in Sources */ = {isa = PBXBuildFile; fileRef = 32120AD1168B2C2D00DBF915 /* AuditVO.m */; };
		32120AD5168B2C6F00DBF915 /* AuditResultVO.m in Sources */ = {isa = PBXBuildFile; fileRef = 32120AD4168B2C6E00DBF915 /* AuditResultVO.m */; };
		32120AD8168B2E5A00DBF915 /* ConsultResultVO.m in Sources */ = {isa = PBXBuildFile; fileRef = 32120AD7168B2E5900DBF915 /* ConsultResultVO.m */; };
		32120ADB168B2EE700DBF915 /* ConsultVO.m in Sources */ = {isa = PBXBuildFile; fileRef = 32120ADA168B2EE600DBF915 /* ConsultVO.m */; };
		32120ADE168B2FD600DBF915 /* DeclareResultVO.m in Sources */ = {isa = PBXBuildFile; fileRef = 32120ADD168B2FD500DBF915 /* DeclareResultVO.m */; };
		32120AE1168B30D800DBF915 /* DeclareVO.m in Sources */ = {isa = PBXBuildFile; fileRef = 32120AE0168B30D700DBF915 /* DeclareVO.m */; };
		32120AE4168B318E00DBF915 /* JobVO.m in Sources */ = {isa = PBXBuildFile; fileRef = 32120AE3168B318D00DBF915 /* JobVO.m */; };
		32120AE7168B327900DBF915 /* JobDetailVO.m in Sources */ = {isa = PBXBuildFile; fileRef = 32120AE6168B327800DBF915 /* JobDetailVO.m */; };
		32120AEA168B32E100DBF915 /* NewsVO.m in Sources */ = {isa = PBXBuildFile; fileRef = 32120AE9168B32E000DBF915 /* NewsVO.m */; };
		32120AED168B351E00DBF915 /* NewsDetailVO.m in Sources */ = {isa = PBXBuildFile; fileRef = 32120AEC168B351D00DBF915 /* NewsDetailVO.m */; };
		32120AF0168B357E00DBF915 /* NotifierVO.m in Sources */ = {isa = PBXBuildFile; fileRef = 32120AEF168B357D00DBF915 /* NotifierVO.m */; };
		32120AF3168B362B00DBF915 /* ProjectVO.m in Sources */ = {isa = PBXBuildFile; fileRef = 32120AF2168B362A00DBF915 /* ProjectVO.m */; };
		32120AF6168B36D700DBF915 /* ProjectDetailVO.m in Sources */ = {isa = PBXBuildFile; fileRef = 32120AF5168B36D500DBF915 /* ProjectDetailVO.m */; };
		32120AF9168B376D00DBF915 /* ResumeVO.m in Sources */ = {isa = PBXBuildFile; fileRef = 32120AF8168B376C00DBF915 /* ResumeVO.m */; };
		32120AFC168B380C00DBF915 /* ResumeDetailVO.m in Sources */ = {isa = PBXBuildFile; fileRef = 32120AFB168B380B00DBF915 /* ResumeDetailVO.m */; };
		32120AFF168B384E00DBF915 /* TrainVO.m in Sources */ = {isa = PBXBuildFile; fileRef = 32120AFE168B384C00DBF915 /* TrainVO.m */; };
		32120B02168B38CE00DBF915 /* TrainDetailVO.m in Sources */ = {isa = PBXBuildFile; fileRef = 32120B01168B38CC00DBF915 /* TrainDetailVO.m */; };
/* End PBXBuildFile section */

/* Begin PBXFileReference section */
		32120A5C16897C7A00DBF915 /* sourcing.app */ = {isa = PBXFileReference; explicitFileType = wrapper.application; includeInIndex = 0; path = sourcing.app; sourceTree = BUILT_PRODUCTS_DIR; };
		32120A6016897C7A00DBF915 /* UIKit.framework */ = {isa = PBXFileReference; lastKnownFileType = wrapper.framework; name = UIKit.framework; path = System/Library/Frameworks/UIKit.framework; sourceTree = SDKROOT; };
		32120A6216897C7A00DBF915 /* Foundation.framework */ = {isa = PBXFileReference; lastKnownFileType = wrapper.framework; name = Foundation.framework; path = System/Library/Frameworks/Foundation.framework; sourceTree = SDKROOT; };
		32120A6416897C7A00DBF915 /* CoreGraphics.framework */ = {isa = PBXFileReference; lastKnownFileType = wrapper.framework; name = CoreGraphics.framework; path = System/Library/Frameworks/CoreGraphics.framework; sourceTree = SDKROOT; };
		32120A6616897C7A00DBF915 /* CoreData.framework */ = {isa = PBXFileReference; lastKnownFileType = wrapper.framework; name = CoreData.framework; path = System/Library/Frameworks/CoreData.framework; sourceTree = SDKROOT; };
		32120A6A16897C7A00DBF915 /* sourcing-Info.plist */ = {isa = PBXFileReference; lastKnownFileType = text.plist.xml; path = "sourcing-Info.plist"; sourceTree = "<group>"; };
		32120A6C16897C7A00DBF915 /* en */ = {isa = PBXFileReference; lastKnownFileType = text.plist.strings; name = en; path = en.lproj/InfoPlist.strings; sourceTree = "<group>"; };
		32120A6E16897C7A00DBF915 /* main.m */ = {isa = PBXFileReference; lastKnownFileType = sourcecode.c.objc; path = main.m; sourceTree = "<group>"; };
		32120A7016897C7A00DBF915 /* sourcing-Prefix.pch */ = {isa = PBXFileReference; lastKnownFileType = sourcecode.c.h; path = "sourcing-Prefix.pch"; sourceTree = "<group>"; };
		32120A7116897C7A00DBF915 /* SourcingAppDelegate.h */ = {isa = PBXFileReference; lastKnownFileType = sourcecode.c.h; path = SourcingAppDelegate.h; sourceTree = "<group>"; };
		32120A7216897C7A00DBF915 /* SourcingAppDelegate.m */ = {isa = PBXFileReference; lastKnownFileType = sourcecode.c.objc; path = SourcingAppDelegate.m; sourceTree = "<group>"; };
		32120A7416897C7A00DBF915 /* Default.png */ = {isa = PBXFileReference; lastKnownFileType = image.png; path = Default.png; sourceTree = "<group>"; };
		32120A7616897C7A00DBF915 /* Default@2x.png */ = {isa = PBXFileReference; lastKnownFileType = image.png; path = "Default@2x.png"; sourceTree = "<group>"; };
		32120A7816897C7A00DBF915 /* Default-568h@2x.png */ = {isa = PBXFileReference; lastKnownFileType = image.png; path = "Default-568h@2x.png"; sourceTree = "<group>"; };
		32120A7B16897C7A00DBF915 /* sourcing.xcdatamodel */ = {isa = PBXFileReference; lastKnownFileType = wrapper.xcdatamodel; path = sourcing.xcdatamodel; sourceTree = "<group>"; };
		32120A8216897C8400DBF915 /* zh-Hans */ = {isa = PBXFileReference; lastKnownFileType = text.plist.strings; name = "zh-Hans"; path = "zh-Hans.lproj/InfoPlist.strings"; sourceTree = "<group>"; };
		32120A8E168983DA00DBF915 /* Icon.png */ = {isa = PBXFileReference; lastKnownFileType = image.png; path = Icon.png; sourceTree = "<group>"; };
		32120A90168983FE00DBF915 /* Icon@2x.png */ = {isa = PBXFileReference; lastKnownFileType = image.png; path = "Icon@2x.png"; sourceTree = "<group>"; };
		32120A98168985E000DBF915 /* WelcomeViewController.h */ = {isa = PBXFileReference; fileEncoding = 4; lastKnownFileType = sourcecode.c.h; path = WelcomeViewController.h; sourceTree = "<group>"; };
		32120A99168985E000DBF915 /* WelcomeViewController.m */ = {isa = PBXFileReference; fileEncoding = 4; lastKnownFileType = sourcecode.c.objc; path = WelcomeViewController.m; sourceTree = "<group>"; };
		32120A9A168985E000DBF915 /* WelcomeViewController.xib */ = {isa = PBXFileReference; fileEncoding = 4; lastKnownFileType = file.xib; path = WelcomeViewController.xib; sourceTree = "<group>"; };
		32120A9E16898EC300DBF915 /* StringUtil.h */ = {isa = PBXFileReference; fileEncoding = 4; lastKnownFileType = sourcecode.c.h; name = StringUtil.h; path = sourcing/StringUtil.h; sourceTree = "<group>"; };
		32120A9F16898EC300DBF915 /* StringUtil.m */ = {isa = PBXFileReference; fileEncoding = 4; lastKnownFileType = sourcecode.c.objc; name = StringUtil.m; path = sourcing/StringUtil.m; sourceTree = "<group>"; };
		32120AA21689918000DBF915 /* ApplicationSet.h */ = {isa = PBXFileReference; fileEncoding = 4; lastKnownFileType = sourcecode.c.h; path = ApplicationSet.h; sourceTree = "<group>"; };
		32120AA31689918000DBF915 /* ApplicationSet.m */ = {isa = PBXFileReference; fileEncoding = 4; lastKnownFileType = sourcecode.c.objc; path = ApplicationSet.m; sourceTree = "<group>"; };
		32120AA616899E2D00DBF915 /* BaseVO.h */ = {isa = PBXFileReference; fileEncoding = 4; lastKnownFileType = sourcecode.c.h; name = BaseVO.h; path = sourcing/VO/BaseVO.h; sourceTree = "<group>"; };
		32120AA716899E2D00DBF915 /* BaseVO.m */ = {isa = PBXFileReference; fileEncoding = 4; lastKnownFileType = sourcecode.c.objc; name = BaseVO.m; path = sourcing/VO/BaseVO.m; sourceTree = "<group>"; };
		32120AB11689DB8200DBF915 /* JsonCreater.h */ = {isa = PBXFileReference; fileEncoding = 4; lastKnownFileType = sourcecode.c.h; name = JsonCreater.h; path = sourcing/JsonCreater.h; sourceTree = "<group>"; };
		32120AB21689DB8200DBF915 /* JsonCreater.m */ = {isa = PBXFileReference; fileEncoding = 4; lastKnownFileType = sourcecode.c.objc; name = JsonCreater.m; path = sourcing/JsonCreater.m; sourceTree = "<group>"; };
		32120AB41689F0D200DBF915 /* TimeUtil.h */ = {isa = PBXFileReference; fileEncoding = 4; lastKnownFileType = sourcecode.c.h; name = TimeUtil.h; path = sourcing/TimeUtil.h; sourceTree = "<group>"; };
		32120AB51689F0D200DBF915 /* TimeUtil.m */ = {isa = PBXFileReference; fileEncoding = 4; lastKnownFileType = sourcecode.c.objc; name = TimeUtil.m; path = sourcing/TimeUtil.m; sourceTree = "<group>"; };
		32120AB81689F20000DBF915 /* JsonParser.h */ = {isa = PBXFileReference; fileEncoding = 4; lastKnownFileType = sourcecode.c.h; name = JsonParser.h; path = sourcing/JsonParser.h; sourceTree = "<group>"; };
		32120AB91689F20000DBF915 /* JsonParser.m */ = {isa = PBXFileReference; fileEncoding = 4; lastKnownFileType = sourcecode.c.objc; name = JsonParser.m; path = sourcing/JsonParser.m; sourceTree = "<group>"; };
		32120ABB1689F21D00DBF915 /* ResponseVO.h */ = {isa = PBXFileReference; fileEncoding = 4; lastKnownFileType = sourcecode.c.h; name = ResponseVO.h; path = sourcing/VO/ResponseVO.h; sourceTree = "<group>"; };
		32120ABC1689F21D00DBF915 /* ResponseVO.m */ = {isa = PBXFileReference; fileEncoding = 4; lastKnownFileType = sourcecode.c.objc; name = ResponseVO.m; path = sourcing/VO/ResponseVO.m; sourceTree = "<group>"; };
		32120ABE168AA8F100DBF915 /* HtmlUtil.h */ = {isa = PBXFileReference; fileEncoding = 4; lastKnownFileType = sourcecode.c.h; name = HtmlUtil.h; path = sourcing/HtmlUtil.h; sourceTree = "<group>"; };
		32120ABF168AA8F100DBF915 /* HtmlUtil.m */ = {isa = PBXFileReference; fileEncoding = 4; lastKnownFileType = sourcecode.c.objc; name = HtmlUtil.m; path = sourcing/HtmlUtil.m; sourceTree = "<group>"; };
		32120AC1168AA91900DBF915 /* DataInterfaceUtil.h */ = {isa = PBXFileReference; fileEncoding = 4; lastKnownFileType = sourcecode.c.h; name = DataInterfaceUtil.h; path = sourcing/DataInterfaceUtil.h; sourceTree = "<group>"; };
		32120AC2168AA91900DBF915 /* DataInterfaceUtil.m */ = {isa = PBXFileReference; fileEncoding = 4; lastKnownFileType = sourcecode.c.objc; name = DataInterfaceUtil.m; path = sourcing/DataInterfaceUtil.m; sourceTree = "<group>"; };
		32120AC4168ADC0800DBF915 /* UserVO.h */ = {isa = PBXFileReference; fileEncoding = 4; lastKnownFileType = sourcecode.c.h; name = UserVO.h; path = sourcing/VO/UserVO.h; sourceTree = "<group>"; };
		32120AC5168ADC0900DBF915 /* UserVO.m */ = {isa = PBXFileReference; fileEncoding = 4; lastKnownFileType = sourcecode.c.objc; name = UserVO.m; path = sourcing/VO/UserVO.m; sourceTree = "<group>"; };
		32120AC7168AE26D00DBF915 /* ChannelVO.h */ = {isa = PBXFileReference; fileEncoding = 4; lastKnownFileType = sourcecode.c.h; name = ChannelVO.h; path = sourcing/VO/ChannelVO.h; sourceTree = "<group>"; };
		32120AC8168AE26D00DBF915 /* ChannelVO.m */ = {isa = PBXFileReference; fileEncoding = 4; lastKnownFileType = sourcecode.c.objc; name = ChannelVO.m; path = sourcing/VO/ChannelVO.m; sourceTree = "<group>"; };
		32120ACB168AE43400DBF915 /* assets */ = {isa = PBXFileReference; lastKnownFileType = folder; path = assets; sourceTree = "<group>"; };
		32120ACD168AE58800DBF915 /* FileUtil.h */ = {isa = PBXFileReference; fileEncoding = 4; lastKnownFileType = sourcecode.c.h; name = FileUtil.h; path = sourcing/FileUtil.h; sourceTree = "<group>"; };
		32120ACE168AE58800DBF915 /* FileUtil.m */ = {isa = PBXFileReference; fileEncoding = 4; lastKnownFileType = sourcecode.c.objc; name = FileUtil.m; path = sourcing/FileUtil.m; sourceTree = "<group>"; };
		32120AD0168B2C2D00DBF915 /* AuditVO.h */ = {isa = PBXFileReference; fileEncoding = 4; lastKnownFileType = sourcecode.c.h; name = AuditVO.h; path = sourcing/VO/AuditVO.h; sourceTree = "<group>"; };
		32120AD1168B2C2D00DBF915 /* AuditVO.m */ = {isa = PBXFileReference; fileEncoding = 4; lastKnownFileType = sourcecode.c.objc; name = AuditVO.m; path = sourcing/VO/AuditVO.m; sourceTree = "<group>"; };
		32120AD3168B2C6E00DBF915 /* AuditResultVO.h */ = {isa = PBXFileReference; fileEncoding = 4; lastKnownFileType = sourcecode.c.h; name = AuditResultVO.h; path = sourcing/VO/AuditResultVO.h; sourceTree = "<group>"; };
		32120AD4168B2C6E00DBF915 /* AuditResultVO.m */ = {isa = PBXFileReference; fileEncoding = 4; lastKnownFileType = sourcecode.c.objc; name = AuditResultVO.m; path = sourcing/VO/AuditResultVO.m; sourceTree = "<group>"; };
		32120AD6168B2E5900DBF915 /* ConsultResultVO.h */ = {isa = PBXFileReference; fileEncoding = 4; lastKnownFileType = sourcecode.c.h; name = ConsultResultVO.h; path = sourcing/VO/ConsultResultVO.h; sourceTree = "<group>"; };
		32120AD7168B2E5900DBF915 /* ConsultResultVO.m */ = {isa = PBXFileReference; fileEncoding = 4; lastKnownFileType = sourcecode.c.objc; name = ConsultResultVO.m; path = sourcing/VO/ConsultResultVO.m; sourceTree = "<group>"; };
		32120AD9168B2EE600DBF915 /* ConsultVO.h */ = {isa = PBXFileReference; fileEncoding = 4; lastKnownFileType = sourcecode.c.h; name = ConsultVO.h; path = sourcing/VO/ConsultVO.h; sourceTree = "<group>"; };
		32120ADA168B2EE600DBF915 /* ConsultVO.m */ = {isa = PBXFileReference; fileEncoding = 4; lastKnownFileType = sourcecode.c.objc; name = ConsultVO.m; path = sourcing/VO/ConsultVO.m; sourceTree = "<group>"; };
		32120ADC168B2FD500DBF915 /* DeclareResultVO.h */ = {isa = PBXFileReference; fileEncoding = 4; lastKnownFileType = sourcecode.c.h; name = DeclareResultVO.h; path = sourcing/VO/DeclareResultVO.h; sourceTree = "<group>"; };
		32120ADD168B2FD500DBF915 /* DeclareResultVO.m */ = {isa = PBXFileReference; fileEncoding = 4; lastKnownFileType = sourcecode.c.objc; name = DeclareResultVO.m; path = sourcing/VO/DeclareResultVO.m; sourceTree = "<group>"; };
		32120ADF168B30D600DBF915 /* DeclareVO.h */ = {isa = PBXFileReference; fileEncoding = 4; lastKnownFileType = sourcecode.c.h; name = DeclareVO.h; path = sourcing/VO/DeclareVO.h; sourceTree = "<group>"; };
		32120AE0168B30D700DBF915 /* DeclareVO.m */ = {isa = PBXFileReference; fileEncoding = 4; lastKnownFileType = sourcecode.c.objc; name = DeclareVO.m; path = sourcing/VO/DeclareVO.m; sourceTree = "<group>"; };
		32120AE2168B318D00DBF915 /* JobVO.h */ = {isa = PBXFileReference; fileEncoding = 4; lastKnownFileType = sourcecode.c.h; name = JobVO.h; path = sourcing/VO/JobVO.h; sourceTree = "<group>"; };
		32120AE3168B318D00DBF915 /* JobVO.m */ = {isa = PBXFileReference; fileEncoding = 4; lastKnownFileType = sourcecode.c.objc; name = JobVO.m; path = sourcing/VO/JobVO.m; sourceTree = "<group>"; };
		32120AE5168B327700DBF915 /* JobDetailVO.h */ = {isa = PBXFileReference; fileEncoding = 4; lastKnownFileType = sourcecode.c.h; name = JobDetailVO.h; path = sourcing/VO/JobDetailVO.h; sourceTree = "<group>"; };
		32120AE6168B327800DBF915 /* JobDetailVO.m */ = {isa = PBXFileReference; fileEncoding = 4; lastKnownFileType = sourcecode.c.objc; name = JobDetailVO.m; path = sourcing/VO/JobDetailVO.m; sourceTree = "<group>"; };
		32120AE8168B32DF00DBF915 /* NewsVO.h */ = {isa = PBXFileReference; fileEncoding = 4; lastKnownFileType = sourcecode.c.h; name = NewsVO.h; path = sourcing/VO/NewsVO.h; sourceTree = "<group>"; };
		32120AE9168B32E000DBF915 /* NewsVO.m */ = {isa = PBXFileReference; fileEncoding = 4; lastKnownFileType = sourcecode.c.objc; name = NewsVO.m; path = sourcing/VO/NewsVO.m; sourceTree = "<group>"; };
		32120AEB168B351C00DBF915 /* NewsDetailVO.h */ = {isa = PBXFileReference; fileEncoding = 4; lastKnownFileType = sourcecode.c.h; name = NewsDetailVO.h; path = sourcing/VO/NewsDetailVO.h; sourceTree = "<group>"; };
		32120AEC168B351D00DBF915 /* NewsDetailVO.m */ = {isa = PBXFileReference; fileEncoding = 4; lastKnownFileType = sourcecode.c.objc; name = NewsDetailVO.m; path = sourcing/VO/NewsDetailVO.m; sourceTree = "<group>"; };
		32120AEE168B357C00DBF915 /* NotifierVO.h */ = {isa = PBXFileReference; fileEncoding = 4; lastKnownFileType = sourcecode.c.h; name = NotifierVO.h; path = sourcing/VO/NotifierVO.h; sourceTree = "<group>"; };
		32120AEF168B357D00DBF915 /* NotifierVO.m */ = {isa = PBXFileReference; fileEncoding = 4; lastKnownFileType = sourcecode.c.objc; name = NotifierVO.m; path = sourcing/VO/NotifierVO.m; sourceTree = "<group>"; };
		32120AF1168B362900DBF915 /* ProjectVO.h */ = {isa = PBXFileReference; fileEncoding = 4; lastKnownFileType = sourcecode.c.h; name = ProjectVO.h; path = sourcing/VO/ProjectVO.h; sourceTree = "<group>"; };
		32120AF2168B362A00DBF915 /* ProjectVO.m */ = {isa = PBXFileReference; fileEncoding = 4; lastKnownFileType = sourcecode.c.objc; name = ProjectVO.m; path = sourcing/VO/ProjectVO.m; sourceTree = "<group>"; };
		32120AF4168B36D500DBF915 /* ProjectDetailVO.h */ = {isa = PBXFileReference; fileEncoding = 4; lastKnownFileType = sourcecode.c.h; name = ProjectDetailVO.h; path = sourcing/VO/ProjectDetailVO.h; sourceTree = "<group>"; };
		32120AF5168B36D500DBF915 /* ProjectDetailVO.m */ = {isa = PBXFileReference; fileEncoding = 4; lastKnownFileType = sourcecode.c.objc; name = ProjectDetailVO.m; path = sourcing/VO/ProjectDetailVO.m; sourceTree = "<group>"; };
		32120AF7168B376A00DBF915 /* ResumeVO.h */ = {isa = PBXFileReference; fileEncoding = 4; lastKnownFileType = sourcecode.c.h; name = ResumeVO.h; path = sourcing/VO/ResumeVO.h; sourceTree = "<group>"; };
		32120AF8168B376C00DBF915 /* ResumeVO.m */ = {isa = PBXFileReference; fileEncoding = 4; lastKnownFileType = sourcecode.c.objc; name = ResumeVO.m; path = sourcing/VO/ResumeVO.m; sourceTree = "<group>"; };
		32120AFA168B380900DBF915 /* ResumeDetailVO.h */ = {isa = PBXFileReference; fileEncoding = 4; lastKnownFileType = sourcecode.c.h; name = ResumeDetailVO.h; path = sourcing/VO/ResumeDetailVO.h; sourceTree = "<group>"; };
		32120AFB168B380B00DBF915 /* ResumeDetailVO.m */ = {isa = PBXFileReference; fileEncoding = 4; lastKnownFileType = sourcecode.c.objc; name = ResumeDetailVO.m; path = sourcing/VO/ResumeDetailVO.m; sourceTree = "<group>"; };
		32120AFD168B384B00DBF915 /* TrainVO.h */ = {isa = PBXFileReference; fileEncoding = 4; lastKnownFileType = sourcecode.c.h; name = TrainVO.h; path = sourcing/VO/TrainVO.h; sourceTree = "<group>"; };
		32120AFE168B384C00DBF915 /* TrainVO.m */ = {isa = PBXFileReference; fileEncoding = 4; lastKnownFileType = sourcecode.c.objc; name = TrainVO.m; path = sourcing/VO/TrainVO.m; sourceTree = "<group>"; };
		32120B00168B38CB00DBF915 /* TrainDetailVO.h */ = {isa = PBXFileReference; fileEncoding = 4; lastKnownFileType = sourcecode.c.h; name = TrainDetailVO.h; path = sourcing/VO/TrainDetailVO.h; sourceTree = "<group>"; };
		32120B01168B38CC00DBF915 /* TrainDetailVO.m */ = {isa = PBXFileReference; fileEncoding = 4; lastKnownFileType = sourcecode.c.objc; name = TrainDetailVO.m; path = sourcing/VO/TrainDetailVO.m; sourceTree = "<group>"; };
/* End PBXFileReference section */

/* Begin PBXFrameworksBuildPhase section */
		32120A5916897C7A00DBF915 /* Frameworks */ = {
			isa = PBXFrameworksBuildPhase;
			buildActionMask = 2147483647;
			files = (
				32120A6116897C7A00DBF915 /* UIKit.framework in Frameworks */,
				32120A6316897C7A00DBF915 /* Foundation.framework in Frameworks */,
				32120A6516897C7A00DBF915 /* CoreGraphics.framework in Frameworks */,
				32120A6716897C7A00DBF915 /* CoreData.framework in Frameworks */,
			);
			runOnlyForDeploymentPostprocessing = 0;
		};
/* End PBXFrameworksBuildPhase section */

/* Begin PBXGroup section */
		32120A5116897C7A00DBF915 = {
			isa = PBXGroup;
			children = (
				32120A5F16897C7A00DBF915 /* Frameworks */,
				32120A961689858500DBF915 /* Images */,
				32120A5D16897C7A00DBF915 /* Products */,
				32120A6816897C7A00DBF915 /* sourcing */,
				32120A9D16898D9B00DBF915 /* Utils */,
			);
			sourceTree = "<group>";
		};
		32120A5D16897C7A00DBF915 /* Products */ = {
			isa = PBXGroup;
			children = (
				32120A5C16897C7A00DBF915 /* sourcing.app */,
			);
			name = Products;
			sourceTree = "<group>";
		};
		32120A5F16897C7A00DBF915 /* Frameworks */ = {
			isa = PBXGroup;
			children = (
				32120A6016897C7A00DBF915 /* UIKit.framework */,
				32120A6216897C7A00DBF915 /* Foundation.framework */,
				32120A6416897C7A00DBF915 /* CoreGraphics.framework */,
				32120A6616897C7A00DBF915 /* CoreData.framework */,
			);
			name = Frameworks;
			sourceTree = "<group>";
		};
		32120A6816897C7A00DBF915 /* sourcing */ = {
			isa = PBXGroup;
			children = (
				32120AA11689913100DBF915 /* Config */,
				32120A7A16897C7A00DBF915 /* sourcing.xcdatamodeld */,
				32120A7116897C7A00DBF915 /* SourcingAppDelegate.h */,
				32120A7216897C7A00DBF915 /* SourcingAppDelegate.m */,
				32120A6916897C7A00DBF915 /* Supporting Files */,
				32120A97168985B200DBF915 /* UI */,
				32120AA5168998B600DBF915 /* VO */,
			);
			path = sourcing;
			sourceTree = "<group>";
		};
		32120A6916897C7A00DBF915 /* Supporting Files */ = {
			isa = PBXGroup;
			children = (
				32120ACB168AE43400DBF915 /* assets */,
				32120A6A16897C7A00DBF915 /* sourcing-Info.plist */,
				32120A6B16897C7A00DBF915 /* InfoPlist.strings */,
				32120A6E16897C7A00DBF915 /* main.m */,
				32120A7016897C7A00DBF915 /* sourcing-Prefix.pch */,
				32120A7416897C7A00DBF915 /* Default.png */,
				32120A7616897C7A00DBF915 /* Default@2x.png */,
				32120A7816897C7A00DBF915 /* Default-568h@2x.png */,
			);
			name = "Supporting Files";
			sourceTree = "<group>";
		};
		32120A961689858500DBF915 /* Images */ = {
			isa = PBXGroup;
			children = (
				32120A90168983FE00DBF915 /* Icon@2x.png */,
				32120A8E168983DA00DBF915 /* Icon.png */,
			);
			name = Images;
			sourceTree = "<group>";
		};
		32120A97168985B200DBF915 /* UI */ = {
			isa = PBXGroup;
			children = (
				32120A98168985E000DBF915 /* WelcomeViewController.h */,
				32120A99168985E000DBF915 /* WelcomeViewController.m */,
				32120A9A168985E000DBF915 /* WelcomeViewController.xib */,
			);
			name = UI;
			path = ..;
			sourceTree = "<group>";
		};
		32120A9D16898D9B00DBF915 /* Utils */ = {
			isa = PBXGroup;
			children = (
				32120AB01689DB0100DBF915 /* Json */,
				32120AC1168AA91900DBF915 /* DataInterfaceUtil.h */,
				32120AC2168AA91900DBF915 /* DataInterfaceUtil.m */,
				32120ABE168AA8F100DBF915 /* HtmlUtil.h */,
				32120ABF168AA8F100DBF915 /* HtmlUtil.m */,
				32120A9E16898EC300DBF915 /* StringUtil.h */,
				32120A9F16898EC300DBF915 /* StringUtil.m */,
				32120AB41689F0D200DBF915 /* TimeUtil.h */,
				32120AB51689F0D200DBF915 /* TimeUtil.m */,
				32120ACD168AE58800DBF915 /* FileUtil.h */,
				32120ACE168AE58800DBF915 /* FileUtil.m */,
			);
			name = Utils;
			sourceTree = "<group>";
		};
		32120AA11689913100DBF915 /* Config */ = {
			isa = PBXGroup;
			children = (
				32120AA21689918000DBF915 /* ApplicationSet.h */,
				32120AA31689918000DBF915 /* ApplicationSet.m */,
			);
			name = Config;
			path = ..;
			sourceTree = "<group>";
		};
		32120AA5168998B600DBF915 /* VO */ = {
			isa = PBXGroup;
			children = (
				32120AD3168B2C6E00DBF915 /* AuditResultVO.h */,
				32120AD4168B2C6E00DBF915 /* AuditResultVO.m */,
				32120AD0168B2C2D00DBF915 /* AuditVO.h */,
				32120AD1168B2C2D00DBF915 /* AuditVO.m */,
				32120AA616899E2D00DBF915 /* BaseVO.h */,
				32120AA716899E2D00DBF915 /* BaseVO.m */,
				32120AC7168AE26D00DBF915 /* ChannelVO.h */,
				32120AC8168AE26D00DBF915 /* ChannelVO.m */,
				32120AD6168B2E5900DBF915 /* ConsultResultVO.h */,
				32120AD7168B2E5900DBF915 /* ConsultResultVO.m */,
				32120AD9168B2EE600DBF915 /* ConsultVO.h */,
				32120ADA168B2EE600DBF915 /* ConsultVO.m */,
				32120ADC168B2FD500DBF915 /* DeclareResultVO.h */,
				32120ADD168B2FD500DBF915 /* DeclareResultVO.m */,
				32120ADF168B30D600DBF915 /* DeclareVO.h */,
				32120AE0168B30D700DBF915 /* DeclareVO.m */,
				32120AE5168B327700DBF915 /* JobDetailVO.h */,
				32120AE6168B327800DBF915 /* JobDetailVO.m */,
				32120AE2168B318D00DBF915 /* JobVO.h */,
				32120AE3168B318D00DBF915 /* JobVO.m */,
				32120AEB168B351C00DBF915 /* NewsDetailVO.h */,
				32120AEC168B351D00DBF915 /* NewsDetailVO.m */,
				32120AE8168B32DF00DBF915 /* NewsVO.h */,
				32120AE9168B32E000DBF915 /* NewsVO.m */,
				32120AEE168B357C00DBF915 /* NotifierVO.h */,
				32120AEF168B357D00DBF915 /* NotifierVO.m */,
				32120AF1168B362900DBF915 /* ProjectVO.h */,
				32120AF2168B362A00DBF915 /* ProjectVO.m */,
				32120ABB1689F21D00DBF915 /* ResponseVO.h */,
				32120ABC1689F21D00DBF915 /* ResponseVO.m */,
				32120AC4168ADC0800DBF915 /* UserVO.h */,
				32120AC5168ADC0900DBF915 /* UserVO.m */,
				32120AF4168B36D500DBF915 /* ProjectDetailVO.h */,
				32120AF5168B36D500DBF915 /* ProjectDetailVO.m */,
				32120AF7168B376A00DBF915 /* ResumeVO.h */,
				32120AF8168B376C00DBF915 /* ResumeVO.m */,
				32120AFA168B380900DBF915 /* ResumeDetailVO.h */,
				32120AFB168B380B00DBF915 /* ResumeDetailVO.m */,
				32120AFD168B384B00DBF915 /* TrainVO.h */,
				32120AFE168B384C00DBF915 /* TrainVO.m */,
				32120B00168B38CB00DBF915 /* TrainDetailVO.h */,
				32120B01168B38CC00DBF915 /* TrainDetailVO.m */,
			);
			name = VO;
			path = ..;
			sourceTree = "<group>";
		};
		32120AB01689DB0100DBF915 /* Json */ = {
			isa = PBXGroup;
			children = (
				32120AB81689F20000DBF915 /* JsonParser.h */,
				32120AB91689F20000DBF915 /* JsonParser.m */,
				32120AB11689DB8200DBF915 /* JsonCreater.h */,
				32120AB21689DB8200DBF915 /* JsonCreater.m */,
			);
			name = Json;
			sourceTree = "<group>";
		};
/* End PBXGroup section */

/* Begin PBXNativeTarget section */
		32120A5B16897C7A00DBF915 /* sourcing */ = {
			isa = PBXNativeTarget;
			buildConfigurationList = 32120A7F16897C7A00DBF915 /* Build configuration list for PBXNativeTarget "sourcing" */;
			buildPhases = (
				32120A5816897C7A00DBF915 /* Sources */,
				32120A5916897C7A00DBF915 /* Frameworks */,
				32120A5A16897C7A00DBF915 /* Resources */,
			);
			buildRules = (
			);
			dependencies = (
			);
			name = sourcing;
			productName = sourcing;
			productReference = 32120A5C16897C7A00DBF915 /* sourcing.app */;
			productType = "com.apple.product-type.application";
		};
/* End PBXNativeTarget section */

/* Begin PBXProject section */
		32120A5316897C7A00DBF915 /* Project object */ = {
			isa = PBXProject;
			attributes = {
				CLASSPREFIX = Sourcing;
				LastUpgradeCheck = 0450;
				ORGANIZATIONNAME = wuzhu;
			};
			buildConfigurationList = 32120A5616897C7A00DBF915 /* Build configuration list for PBXProject "sourcing" */;
			compatibilityVersion = "Xcode 3.2";
			developmentRegion = English;
			hasScannedForEncodings = 0;
			knownRegions = (
				en,
				"zh-Hans",
			);
			mainGroup = 32120A5116897C7A00DBF915;
			productRefGroup = 32120A5D16897C7A00DBF915 /* Products */;
			projectDirPath = "";
			projectRoot = "";
			targets = (
				32120A5B16897C7A00DBF915 /* sourcing */,
			);
		};
/* End PBXProject section */

/* Begin PBXResourcesBuildPhase section */
		32120A5A16897C7A00DBF915 /* Resources */ = {
			isa = PBXResourcesBuildPhase;
			buildActionMask = 2147483647;
			files = (
				32120A6D16897C7A00DBF915 /* InfoPlist.strings in Resources */,
				32120A7516897C7A00DBF915 /* Default.png in Resources */,
				32120A7716897C7A00DBF915 /* Default@2x.png in Resources */,
				32120A7916897C7A00DBF915 /* Default-568h@2x.png in Resources */,
				32120A8F168983DA00DBF915 /* Icon.png in Resources */,
				32120A91168983FE00DBF915 /* Icon@2x.png in Resources */,
				32120A9C168985E000DBF915 /* WelcomeViewController.xib in Resources */,
				32120ACC168AE43400DBF915 /* assets in Resources */,
			);
			runOnlyForDeploymentPostprocessing = 0;
		};
/* End PBXResourcesBuildPhase section */

/* Begin PBXSourcesBuildPhase section */
		32120A5816897C7A00DBF915 /* Sources */ = {
			isa = PBXSourcesBuildPhase;
			buildActionMask = 2147483647;
			files = (
				32120A6F16897C7A00DBF915 /* main.m in Sources */,
				32120A7316897C7A00DBF915 /* SourcingAppDelegate.m in Sources */,
				32120A7C16897C7A00DBF915 /* sourcing.xcdatamodeld in Sources */,
				32120A9B168985E000DBF915 /* WelcomeViewController.m in Sources */,
				32120AA016898EC300DBF915 /* StringUtil.m in Sources */,
				32120AA41689918000DBF915 /* ApplicationSet.m in Sources */,
				32120AA816899E2D00DBF915 /* BaseVO.m in Sources */,
				32120AB31689DB8200DBF915 /* JsonCreater.m in Sources */,
				32120AB61689F0D200DBF915 /* TimeUtil.m in Sources */,
				32120ABA1689F20000DBF915 /* JsonParser.m in Sources */,
				32120ABD1689F21D00DBF915 /* ResponseVO.m in Sources */,
				32120AC0168AA8F100DBF915 /* HtmlUtil.m in Sources */,
				32120AC3168AA91900DBF915 /* DataInterfaceUtil.m in Sources */,
				32120AC6168ADC0900DBF915 /* UserVO.m in Sources */,
				32120AC9168AE26D00DBF915 /* ChannelVO.m in Sources */,
				32120ACF168AE58800DBF915 /* FileUtil.m in Sources */,
				32120AD2168B2C2E00DBF915 /* AuditVO.m in Sources */,
				32120AD5168B2C6F00DBF915 /* AuditResultVO.m in Sources */,
				32120AD8168B2E5A00DBF915 /* ConsultResultVO.m in Sources */,
				32120ADB168B2EE700DBF915 /* ConsultVO.m in Sources */,
				32120ADE168B2FD600DBF915 /* DeclareResultVO.m in Sources */,
				32120AE1168B30D800DBF915 /* DeclareVO.m in Sources */,
				32120AE4168B318E00DBF915 /* JobVO.m in Sources */,
				32120AE7168B327900DBF915 /* JobDetailVO.m in Sources */,
				32120AEA168B32E100DBF915 /* NewsVO.m in Sources */,
				32120AED168B351E00DBF915 /* NewsDetailVO.m in Sources */,
				32120AF0168B357E00DBF915 /* NotifierVO.m in Sources */,
				32120AF3168B362B00DBF915 /* ProjectVO.m in Sources */,
				32120AF6168B36D700DBF915 /* ProjectDetailVO.m in Sources */,
				32120AF9168B376D00DBF915 /* ResumeVO.m in Sources */,
				32120AFC168B380C00DBF915 /* ResumeDetailVO.m in Sources */,
				32120AFF168B384E00DBF915 /* TrainVO.m in Sources */,
				32120B02168B38CE00DBF915 /* TrainDetailVO.m in Sources */,
			);
			runOnlyForDeploymentPostprocessing = 0;
		};
/* End PBXSourcesBuildPhase section */

/* Begin PBXVariantGroup section */
		32120A6B16897C7A00DBF915 /* InfoPlist.strings */ = {
			isa = PBXVariantGroup;
			children = (
				32120A6C16897C7A00DBF915 /* en */,
				32120A8216897C8400DBF915 /* zh-Hans */,
			);
			name = InfoPlist.strings;
			sourceTree = "<group>";
		};
/* End PBXVariantGroup section */

/* Begin XCBuildConfiguration section */
		32120A7D16897C7A00DBF915 /* Debug */ = {
			isa = XCBuildConfiguration;
			buildSettings = {
				ALWAYS_SEARCH_USER_PATHS = NO;
				CLANG_CXX_LANGUAGE_STANDARD = "gnu++0x";
				CLANG_CXX_LIBRARY = "libc++";
				CLANG_ENABLE_OBJC_ARC = YES;
				CLANG_WARN_EMPTY_BODY = YES;
				CLANG_WARN__DUPLICATE_METHOD_MATCH = YES;
				"CODE_SIGN_IDENTITY[sdk=iphoneos*]" = "iPhone Developer";
				COPY_PHASE_STRIP = NO;
				GCC_C_LANGUAGE_STANDARD = gnu99;
				GCC_DYNAMIC_NO_PIC = NO;
				GCC_OPTIMIZATION_LEVEL = 0;
				GCC_PREPROCESSOR_DEFINITIONS = (
					"DEBUG=1",
					"$(inherited)",
				);
				GCC_SYMBOLS_PRIVATE_EXTERN = NO;
				GCC_WARN_ABOUT_RETURN_TYPE = YES;
				GCC_WARN_UNINITIALIZED_AUTOS = YES;
				GCC_WARN_UNUSED_VARIABLE = YES;
				IPHONEOS_DEPLOYMENT_TARGET = 5.0;
				ONLY_ACTIVE_ARCH = YES;
				SDKROOT = iphoneos;
			};
			name = Debug;
		};
		32120A7E16897C7A00DBF915 /* Release */ = {
			isa = XCBuildConfiguration;
			buildSettings = {
				ALWAYS_SEARCH_USER_PATHS = NO;
				CLANG_CXX_LANGUAGE_STANDARD = "gnu++0x";
				CLANG_CXX_LIBRARY = "libc++";
				CLANG_ENABLE_OBJC_ARC = YES;
				CLANG_WARN_EMPTY_BODY = YES;
				CLANG_WARN__DUPLICATE_METHOD_MATCH = YES;
				"CODE_SIGN_IDENTITY[sdk=iphoneos*]" = "iPhone Developer";
				COPY_PHASE_STRIP = YES;
				GCC_C_LANGUAGE_STANDARD = gnu99;
				GCC_WARN_ABOUT_RETURN_TYPE = YES;
				GCC_WARN_UNINITIALIZED_AUTOS = YES;
				GCC_WARN_UNUSED_VARIABLE = YES;
				IPHONEOS_DEPLOYMENT_TARGET = 5.0;
				OTHER_CFLAGS = "-DNS_BLOCK_ASSERTIONS=1";
				SDKROOT = iphoneos;
				VALIDATE_PRODUCT = YES;
			};
			name = Release;
		};
		32120A8016897C7A00DBF915 /* Debug */ = {
			isa = XCBuildConfiguration;
			buildSettings = {
				GCC_PRECOMPILE_PREFIX_HEADER = YES;
				GCC_PREFIX_HEADER = "sourcing/sourcing-Prefix.pch";
				INFOPLIST_FILE = "sourcing/sourcing-Info.plist";
				PRODUCT_NAME = "$(TARGET_NAME)";
				WRAPPER_EXTENSION = app;
			};
			name = Debug;
		};
		32120A8116897C7A00DBF915 /* Release */ = {
			isa = XCBuildConfiguration;
			buildSettings = {
				GCC_PRECOMPILE_PREFIX_HEADER = YES;
				GCC_PREFIX_HEADER = "sourcing/sourcing-Prefix.pch";
				INFOPLIST_FILE = "sourcing/sourcing-Info.plist";
				PRODUCT_NAME = "$(TARGET_NAME)";
				WRAPPER_EXTENSION = app;
			};
			name = Release;
		};
/* End XCBuildConfiguration section */

/* Begin XCConfigurationList section */
		32120A5616897C7A00DBF915 /* Build configuration list for PBXProject "sourcing" */ = {
			isa = XCConfigurationList;
			buildConfigurations = (
				32120A7D16897C7A00DBF915 /* Debug */,
				32120A7E16897C7A00DBF915 /* Release */,
			);
			defaultConfigurationIsVisible = 0;
			defaultConfigurationName = Release;
		};
		32120A7F16897C7A00DBF915 /* Build configuration list for PBXNativeTarget "sourcing" */ = {
			isa = XCConfigurationList;
			buildConfigurations = (
				32120A8016897C7A00DBF915 /* Debug */,
				32120A8116897C7A00DBF915 /* Release */,
			);
			defaultConfigurationIsVisible = 0;
			defaultConfigurationName = Release;
		};
/* End XCConfigurationList section */

/* Begin XCVersionGroup section */
		32120A7A16897C7A00DBF915 /* sourcing.xcdatamodeld */ = {
			isa = XCVersionGroup;
			children = (
				32120A7B16897C7A00DBF915 /* sourcing.xcdatamodel */,
			);
			currentVersion = 32120A7B16897C7A00DBF915 /* sourcing.xcdatamodel */;
			path = sourcing.xcdatamodeld;
			sourceTree = "<group>";
			versionGroupType = wrapper.xcdatamodel;
		};
/* End XCVersionGroup section */
	};
	rootObject = 32120A5316897C7A00DBF915 /* Project object */;
}
